
Microsoft Visual Studio Solution File, Format Version 12.00
# Visual Studio Version 17
VisualStudioVersion = 17.2.32630.192
MinimumVisualStudioVersion = 10.0.40219.1
Project("{FAE04EC0-301F-11D3-BF4B-00C04F79EFBC}") = "Assingment7EventAndDelegates", "Assingment7EventAndDelegates\Assingment7EventAndDelegates.csproj", "{6076FF4C-6D7E-491D-8013-A75A5145B1D5}"
EndProject
Global
	GlobalSection(SolutionConfigurationPlatforms) = preSolution
		Debug|Any CPU = Debug|Any CPU
		Release|Any CPU = Release|Any CPU
	EndGlobalSection
	GlobalSection(ProjectConfigurationPlatforms) = postSolution
		{6076FF4C-6D7E-491D-8013-A75A5145B1D5}.Debug|Any CPU.ActiveCfg = Debug|Any CPU
		{6076FF4C-6D7E-491D-8013-A75A5145B1D5}.Debug|Any CPU.Build.0 = Debug|Any CPU
		{6076FF4C-6D7E-491D-8013-A75A5145B1D5}.Release|Any CPU.ActiveCfg = Release|Any CPU
		{6076FF4C-6D7E-491D-8013-A75A5145B1D5}.Release|Any CPU.Build.0 = Release|Any CPU
	EndGlobalSection
	GlobalSection(SolutionProperties) = preSolution
		HideSolutionNode = FALSE
	EndGlobalSection
	GlobalSection(ExtensibilityGlobals) = postSolution
		SolutionGuid = {6B2ED622-D3F9-44C2-B3B7-6935A566D816}
	EndGlobalSection
EndGlobal
